
Microsoft Visual Studio Solution File, Format Version 12.00
# Visual Studio Version 16
VisualStudioVersion = 16.0.28922.388
MinimumVisualStudioVersion = 10.0.40219.1
Project("{FAE04EC0-301F-11D3-BF4B-00C04F79EFBC}") = "DomainServices", "DomainServices\DomainServices.csproj", "{F278B1D9-5548-4A4D-8746-D494F7B44B49}"
EndProject
Project("{FAE04EC0-301F-11D3-BF4B-00C04F79EFBC}") = "ApplicationServices", "ApplicationServices\ApplicationServices.csproj", "{79392B55-EC91-4C4C-BC1C-2E557A1F3CA1}"
EndProject
Global
	GlobalSection(SolutionConfigurationPlatforms) = preSolution
		Debug|Any CPU = Debug|Any CPU
		Release|Any CPU = Release|Any CPU
	EndGlobalSection
	GlobalSection(ProjectConfigurationPlatforms) = postSolution
		{F278B1D9-5548-4A4D-8746-D494F7B44B49}.Debug|Any CPU.ActiveCfg = Debug|Any CPU
		{F278B1D9-5548-4A4D-8746-D494F7B44B49}.Debug|Any CPU.Build.0 = Debug|Any CPU
		{F278B1D9-5548-4A4D-8746-D494F7B44B49}.Release|Any CPU.ActiveCfg = Release|Any CPU
		{F278B1D9-5548-4A4D-8746-D494F7B44B49}.Release|Any CPU.Build.0 = Release|Any CPU
		{79392B55-EC91-4C4C-BC1C-2E557A1F3CA1}.Debug|Any CPU.ActiveCfg = Debug|Any CPU
		{79392B55-EC91-4C4C-BC1C-2E557A1F3CA1}.Debug|Any CPU.Build.0 = Debug|Any CPU
		{79392B55-EC91-4C4C-BC1C-2E557A1F3CA1}.Release|Any CPU.ActiveCfg = Release|Any CPU
		{79392B55-EC91-4C4C-BC1C-2E557A1F3CA1}.Release|Any CPU.Build.0 = Release|Any CPU
	EndGlobalSection
	GlobalSection(SolutionProperties) = preSolution
		HideSolutionNode = FALSE
	EndGlobalSection
	GlobalSection(ExtensibilityGlobals) = postSolution
		SolutionGuid = {7C3DFAD7-0326-4989-99F7-A09A84365866}
	EndGlobalSection
EndGlobal
